Microsoft Visual Studio Solution File, Format Version 12.00
# Visual Studio Version 17
VisualStudioVersion = 17.5.2.0
MinimumVisualStudioVersion = 10.0.40219.1
Project("{FAE04EC0-301F-11D3-BF4B-00C04F79EFBC}") = "WorkTimeCalculator.Wasm", "WorkTimeCalculator.Wasm.csproj", "{C5D53181-EAAE-2F29-1642-878420F45B10}"
EndProject
Global
	GlobalSection(SolutionConfigurationPlatforms) = preSolution
		Debug|Any CPU = Debug|Any CPU
		Release|Any CPU = Release|Any CPU
	EndGlobalSection
	GlobalSection(ProjectConfigurationPlatforms) = postSolution
		{C5D53181-EAAE-2F29-1642-878420F45B10}.Debug|Any CPU.ActiveCfg = Debug|Any CPU
		{C5D53181-EAAE-2F29-1642-878420F45B10}.Debug|Any CPU.Build.0 = Debug|Any CPU
		{C5D53181-EAAE-2F29-1642-878420F45B10}.Release|Any CPU.ActiveCfg = Release|Any CPU
		{C5D53181-EAAE-2F29-1642-878420F45B10}.Release|Any CPU.Build.0 = Release|Any CPU
	EndGlobalSection
	GlobalSection(SolutionProperties) = preSolution
		HideSolutionNode = FALSE
	EndGlobalSection
	GlobalSection(ExtensibilityGlobals) = postSolution
		SolutionGuid = {BF8C8F39-C87D-446A-8202-C2A30F15AAE7}
	EndGlobalSection
EndGlobal
